
Microsoft Visual Studio Solution File, Format Version 12.00
# Visual Studio Version 16
VisualStudioVersion = 16.0.31112.23
MinimumVisualStudioVersion = 10.0.40219.1
Project("{FAE04EC0-301F-11D3-BF4B-00C04F79EFBC}") = "User_Managment", "User_Managment\User_Managment.csproj", "{25177708-07E7-4A8E-81A0-7FF06455485E}"
EndProject
Global
	GlobalSection(SolutionConfigurationPlatforms) = preSolution
		Debug|Any CPU = Debug|Any CPU
		Release|Any CPU = Release|Any CPU
	EndGlobalSection
	GlobalSection(ProjectConfigurationPlatforms) = postSolution
		{25177708-07E7-4A8E-81A0-7FF06455485E}.Debug|Any CPU.ActiveCfg = Debug|Any CPU
		{25177708-07E7-4A8E-81A0-7FF06455485E}.Debug|Any CPU.Build.0 = Debug|Any CPU
		{25177708-07E7-4A8E-81A0-7FF06455485E}.Release|Any CPU.ActiveCfg = Release|Any CPU
		{25177708-07E7-4A8E-81A0-7FF06455485E}.Release|Any CPU.Build.0 = Release|Any CPU
	EndGlobalSection
	GlobalSection(SolutionProperties) = preSolution
		HideSolutionNode = FALSE
	EndGlobalSection
	GlobalSection(ExtensibilityGlobals) = postSolution
		SolutionGuid = {4AD22F22-7D51-4F66-A3DE-8A800A462022}
	EndGlobalSection
EndGlobal
